// !$*UTF8*$!
{
	archiveVersion = 1;
	classes = {
	};
	objectVersion = 56;
	objects = {

/* Begin PBXBuildFile section */
		2236B95B2BA95C3800B1CE00 /* AppDelegate.swift in Sources */ = {isa = PBXBuildFile; fileRef = 2236B95A2BA95C3800B1CE00 /* AppDelegate.swift */; };
		2236B95D2BA95C3800B1CE00 /* Scene.sks in Resources */ = {isa = PBXBuildFile; fileRef = 2236B95C2BA95C3800B1CE00 /* Scene.sks */; };
		2236B95F2BA95C3800B1CE00 /* Scene.swift in Sources */ = {isa = PBXBuildFile; fileRef = 2236B95E2BA95C3800B1CE00 /* Scene.swift */; };
		2236B9612BA95C3800B1CE00 /* ViewController.swift in Sources */ = {isa = PBXBuildFile; fileRef = 2236B9602BA95C3800B1CE00 /* ViewController.swift */; };
		2236B9642BA95C3800B1CE00 /* Main.storyboard in Resources */ = {isa = PBXBuildFile; fileRef = 2236B9622BA95C3800B1CE00 /* Main.storyboard */; };
		2236B9662BA95C3A00B1CE00 /* Assets.xcassets in Resources */ = {isa = PBXBuildFile; fileRef = 2236B9652BA95C3A00B1CE00 /* Assets.xcassets */; };
		2236B9692BA95C3A00B1CE00 /* LaunchScreen.storyboard in Resources */ = {isa = PBXBuildFile; fileRef = 2236B9672BA95C3A00B1CE00 /* LaunchScreen.storyboard */; };
		2236B9732BA95C3A00B1CE00 /* PokemonARTests.swift in Sources */ = {isa = PBXBuildFile; fileRef = 2236B9722BA95C3A00B1CE00 /* PokemonARTests.swift */; };
		2236B97D2BA95C3A00B1CE00 /* PokemonARUITests.swift in Sources */ = {isa = PBXBuildFile; fileRef = 2236B97C2BA95C3A00B1CE00 /* PokemonARUITests.swift */; };
		2236B97F2BA95C3A00B1CE00 /* PokemonARUITestsLaunchTests.swift in Sources */ = {isa = PBXBuildFile; fileRef = 2236B97E2BA95C3A00B1CE00 /* PokemonARUITestsLaunchTests.swift */; };
/* End PBXBuildFile section */

/* Begin PBXContainerItemProxy section */
		2236B96F2BA95C3A00B1CE00 /* PBXContainerItemProxy */ = {
			isa = PBXContainerItemProxy;
			containerPortal = 2236B94F2BA95C3800B1CE00 /* Project object */;
			proxyType = 1;
			remoteGlobalIDString = 2236B9562BA95C3800B1CE00;
			remoteInfo = PokemonAR;
		};
		2236B9792BA95C3A00B1CE00 /* PBXContainerItemProxy */ = {
			isa = PBXContainerItemProxy;
			containerPortal = 2236B94F2BA95C3800B1CE00 /* Project object */;
			proxyType = 1;
			remoteGlobalIDString = 2236B9562BA95C3800B1CE00;
			remoteInfo = PokemonAR;
		};
/* End PBXContainerItemProxy section */

/* Begin PBXFileReference section */
		2236B9572BA95C3800B1CE00 /* PokemonAR.app */ = {isa = PBXFileReference; explicitFileType = wrapper.application; includeInIndex = 0; path = PokemonAR.app; sourceTree = BUILT_PRODUCTS_DIR; };
		2236B95A2BA95C3800B1CE00 /* AppDelegate.swift */ = {isa = PBXFileReference; lastKnownFileType = sourcecode.swift; path = AppDelegate.swift; sourceTree = "<group>"; };
		2236B95C2BA95C3800B1CE00 /* Scene.sks */ = {isa = PBXFileReference; lastKnownFileType = file.sks; path = Scene.sks; sourceTree = "<group>"; };
		2236B95E2BA95C3800B1CE00 /* Scene.swift */ = {isa = PBXFileReference; lastKnownFileType = sourcecode.swift; path = Scene.swift; sourceTree = "<group>"; };
		2236B9602BA95C3800B1CE00 /* ViewController.swift */ = {isa = PBXFileReference; lastKnownFileType = sourcecode.swift; path = ViewController.swift; sourceTree = "<group>"; };
		2236B9632BA95C3800B1CE00 /* Base */ = {isa = PBXFileReference; lastKnownFileType = file.storyboard; name = Base; path = Base.lproj/Main.storyboard; sourceTree = "<group>"; };
		2236B9652BA95C3A00B1CE00 /* Assets.xcassets */ = {isa = PBXFileReference; lastKnownFileType = folder.assetcatalog; path = Assets.xcassets; sourceTree = "<group>"; };
		2236B9682BA95C3A00B1CE00 /* Base */ = {isa = PBXFileReference; lastKnownFileType = file.storyboard; name = Base; path = Base.lproj/LaunchScreen.storyboard; sourceTree = "<group>"; };
		2236B96E2BA95C3A00B1CE00 /* PokemonARTests.xctest */ = {isa = PBXFileReference; explicitFileType = wrapper.cfbundle; includeInIndex = 0; path = PokemonARTests.xctest; sourceTree = BUILT_PRODUCTS_DIR; };
		2236B9722BA95C3A00B1CE00 /* PokemonARTests.swift */ = {isa = PBXFileReference; lastKnownFileType = sourcecode.swift; path = PokemonARTests.swift; sourceTree = "<group>"; };
		2236B9782BA95C3A00B1CE00 /* PokemonARUITests.xctest */ = {isa = PBXFileReference; explicitFileType = wrapper.cfbundle; includeInIndex = 0; path = PokemonARUITests.xctest; sourceTree = BUILT_PRODUCTS_DIR; };
		2236B97C2BA95C3A00B1CE00 /* PokemonARUITests.swift */ = {isa = PBXFileReference; lastKnownFileType = sourcecode.swift; path = PokemonARUITests.swift; sourceTree = "<group>"; };
		2236B97E2BA95C3A00B1CE00 /* PokemonARUITestsLaunchTests.swift */ = {isa = PBXFileReference; lastKnownFileType = sourcecode.swift; path = PokemonARUITestsLaunchTests.swift; sourceTree = "<group>"; };
/* End PBXFileReference section */

/* Begin PBXFrameworksBuildPhase section */
		2236B9542BA95C3800B1CE00 /* Frameworks */ = {
			isa = PBXFrameworksBuildPhase;
			buildActionMask = 2147483647;
			files = (
			);
			runOnlyForDeploymentPostprocessing = 0;
		};
		2236B96B2BA95C3A00B1CE00 /* Frameworks */ = {
			isa = PBXFrameworksBuildPhase;
			buildActionMask = 2147483647;
			files = (
			);
			runOnlyForDeploymentPostprocessing = 0;
		};
		2236B9752BA95C3A00B1CE00 /* Frameworks */ = {
			isa = PBXFrameworksBuildPhase;
			buildActionMask = 2147483647;
			files = (
			);
			runOnlyForDeploymentPostprocessing = 0;
		};
/* End PBXFrameworksBuildPhase section */

/* Begin PBXGroup section */
		2236B94E2BA95C3800B1CE00 = {
			isa = PBXGroup;
			children = (
				2236B9592BA95C3800B1CE00 /* PokemonAR */,
				2236B9712BA95C3A00B1CE00 /* PokemonARTests */,
				2236B97B2BA95C3A00B1CE00 /* PokemonARUITests */,
				2236B9582BA95C3800B1CE00 /* Products */,
			);
			sourceTree = "<group>";
		};
		2236B9582BA95C3800B1CE00 /* Products */ = {
			isa = PBXGroup;
			children = (
				2236B9572BA95C3800B1CE00 /* PokemonAR.app */,
				2236B96E2BA95C3A00B1CE00 /* PokemonARTests.xctest */,
				2236B9782BA95C3A00B1CE00 /* PokemonARUITests.xctest */,
			);
			name = Products;
			sourceTree = "<group>";
		};
		2236B9592BA95C3800B1CE00 /* PokemonAR */ = {
			isa = PBXGroup;
			children = (
				2236B95A2BA95C3800B1CE00 /* AppDelegate.swift */,
				2236B95C2BA95C3800B1CE00 /* Scene.sks */,
				2236B95E2BA95C3800B1CE00 /* Scene.swift */,
				2236B9602BA95C3800B1CE00 /* ViewController.swift */,
				2236B9622BA95C3800B1CE00 /* Main.storyboard */,
				2236B9652BA95C3A00B1CE00 /* Assets.xcassets */,
				2236B9672BA95C3A00B1CE00 /* LaunchScreen.storyboard */,
			);
			path = PokemonAR;
			sourceTree = "<group>";
		};
		2236B9712BA95C3A00B1CE00 /* PokemonARTests */ = {
			isa = PBXGroup;
			children = (
				2236B9722BA95C3A00B1CE00 /* PokemonARTests.swift */,
			);
			path = PokemonARTests;
			sourceTree = "<group>";
		};
		2236B97B2BA95C3A00B1CE00 /* PokemonARUITests */ = {
			isa = PBXGroup;
			children = (
				2236B97C2BA95C3A00B1CE00 /* PokemonARUITests.swift */,
				2236B97E2BA95C3A00B1CE00 /* PokemonARUITestsLaunchTests.swift */,
			);
			path = PokemonARUITests;
			sourceTree = "<group>";
		};
/* End PBXGroup section */

/* Begin PBXNativeTarget section */
		2236B9562BA95C3800B1CE00 /* PokemonAR */ = {
			isa = PBXNativeTarget;
			buildConfigurationList = 2236B9822BA95C3A00B1CE00 /* Build configuration list for PBXNativeTarget "PokemonAR" */;
			buildPhases = (
				2236B9532BA95C3800B1CE00 /* Sources */,
				2236B9542BA95C3800B1CE00 /* Frameworks */,
				2236B9552BA95C3800B1CE00 /* Resources */,
			);
			buildRules = (
			);
			dependencies = (
			);
			name = PokemonAR;
			productName = PokemonAR;
			productReference = 2236B9572BA95C3800B1CE00 /* PokemonAR.app */;
			productType = "com.apple.product-type.application";
		};
		2236B96D2BA95C3A00B1CE00 /* PokemonARTests */ = {
			isa = PBXNativeTarget;
			buildConfigurationList = 2236B9852BA95C3A00B1CE00 /* Build configuration list for PBXNativeTarget "PokemonARTests" */;
			buildPhases = (
				2236B96A2BA95C3A00B1CE00 /* Sources */,
				2236B96B2BA95C3A00B1CE00 /* Frameworks */,
				2236B96C2BA95C3A00B1CE00 /* Resources */,
			);
			buildRules = (
			);
			dependencies = (
				2236B9702BA95C3A00B1CE00 /* PBXTargetDependency */,
			);
			name = PokemonARTests;
			productName = PokemonARTests;
			productReference = 2236B96E2BA95C3A00B1CE00 /* PokemonARTests.xctest */;
			productType = "com.apple.product-type.bundle.unit-test";
		};
		2236B9772BA95C3A00B1CE00 /* PokemonARUITests */ = {
			isa = PBXNativeTarget;
			buildConfigurationList = 2236B9882BA95C3A00B1CE00 /* Build configuration list for PBXNativeTarget "PokemonARUITests" */;
			buildPhases = (
				2236B9742BA95C3A00B1CE00 /* Sources */,
				2236B9752BA95C3A00B1CE00 /* Frameworks */,
				2236B9762BA95C3A00B1CE00 /* Resources */,
			);
			buildRules = (
			);
			dependencies = (
				2236B97A2BA95C3A00B1CE00 /* PBXTargetDependency */,
			);
			name = PokemonARUITests;
			productName = PokemonARUITests;
			productReference = 2236B9782BA95C3A00B1CE00 /* PokemonARUITests.xctest */;
			productType = "com.apple.product-type.bundle.ui-testing";
		};
/* End PBXNativeTarget section */

/* Begin PBXProject section */
		2236B94F2BA95C3800B1CE00 /* Project object */ = {
			isa = PBXProject;
			attributes = {
				BuildIndependentTargetsInParallel = 1;
				LastSwiftUpdateCheck = 1520;
				LastUpgradeCheck = 1520;
				TargetAttributes = {
					2236B9562BA95C3800B1CE00 = {
						CreatedOnToolsVersion = 15.2;
					};
					2236B96D2BA95C3A00B1CE00 = {
						CreatedOnToolsVersion = 15.2;
						TestTargetID = 2236B9562BA95C3800B1CE00;
					};
					2236B9772BA95C3A00B1CE00 = {
						CreatedOnToolsVersion = 15.2;
						TestTargetID = 2236B9562BA95C3800B1CE00;
					};
				};
			};
			buildConfigurationList = 2236B9522BA95C3800B1CE00 /* Build configuration list for PBXProject "PokemonAR" */;
			compatibilityVersion = "Xcode 14.0";
			developmentRegion = en;
			hasScannedForEncodings = 0;
			knownRegions = (
				en,
				Base,
			);
			mainGroup = 2236B94E2BA95C3800B1CE00;
			productRefGroup = 2236B9582BA95C3800B1CE00 /* Products */;
			projectDirPath = "";
			projectRoot = "";
			targets = (
				2236B9562BA95C3800B1CE00 /* PokemonAR */,
				2236B96D2BA95C3A00B1CE00 /* PokemonARTests */,
				2236B9772BA95C3A00B1CE00 /* PokemonARUITests */,
			);
		};
/* End PBXProject section */

/* Begin PBXResourcesBuildPhase section */
		2236B9552BA95C3800B1CE00 /* Resources */ = {
			isa = PBXResourcesBuildPhase;
			buildActionMask = 2147483647;
			files = (
				2236B95D2BA95C3800B1CE00 /* Scene.sks in Resources */,
				2236B9692BA95C3A00B1CE00 /* LaunchScreen.storyboard in Resources */,
				2236B9662BA95C3A00B1CE00 /* Assets.xcassets in Resources */,
				2236B9642BA95C3800B1CE00 /* Main.storyboard in Resources */,
			);
			runOnlyForDeploymentPostprocessing = 0;
		};
		2236B96C2BA95C3A00B1CE00 /* Resources */ = {
			isa = PBXResourcesBuildPhase;
			buildActionMask = 2147483647;
			files = (
			);
			runOnlyForDeploymentPostprocessing = 0;
		};
		2236B9762BA95C3A00B1CE00 /* Resources */ = {
			isa = PBXResourcesBuildPhase;
			buildActionMask = 2147483647;
			files = (
			);
			runOnlyForDeploymentPostprocessing = 0;
		};
/* End PBXResourcesBuildPhase section */

/* Begin PBXSourcesBuildPhase section */
		2236B9532BA95C3800B1CE00 /* Sources */ = {
			isa = PBXSourcesBuildPhase;
			buildActionMask = 2147483647;
			files = (
				2236B9612BA95C3800B1CE00 /* ViewController.swift in Sources */,
				2236B95F2BA95C3800B1CE00 /* Scene.swift in Sources */,
				2236B95B2BA95C3800B1CE00 /* AppDelegate.swift in Sources */,
			);
			runOnlyForDeploymentPostprocessing = 0;
		};
		2236B96A2BA95C3A00B1CE00 /* Sources */ = {
			isa = PBXSourcesBuildPhase;
			buildActionMask = 2147483647;
			files = (
				2236B9732BA95C3A00B1CE00 /* PokemonARTests.swift in Sources */,
			);
			runOnlyForDeploymentPostprocessing = 0;
		};
		2236B9742BA95C3A00B1CE00 /* Sources */ = {
			isa = PBXSourcesBuildPhase;
			buildActionMask = 2147483647;
			files = (
				2236B97D2BA95C3A00B1CE00 /* PokemonARUITests.swift in Sources */,
				2236B97F2BA95C3A00B1CE00 /* PokemonARUITestsLaunchTests.swift in Sources */,
			);
			runOnlyForDeploymentPostprocessing = 0;
		};
/* End PBXSourcesBuildPhase section */

/* Begin PBXTargetDependency section */
		2236B9702BA95C3A00B1CE00 /* PBXTargetDependency */ = {
			isa = PBXTargetDependency;
			target = 2236B9562BA95C3800B1CE00 /* PokemonAR */;
			targetProxy = 2236B96F2BA95C3A00B1CE00 /* PBXContainerItemProxy */;
		};
		2236B97A2BA95C3A00B1CE00 /* PBXTargetDependency */ = {
			isa = PBXTargetDependency;
			target = 2236B9562BA95C3800B1CE00 /* PokemonAR */;
			targetProxy = 2236B9792BA95C3A00B1CE00 /* PBXContainerItemProxy */;
		};
/* End PBXTargetDependency section */

/* Begin PBXVariantGroup section */
		2236B9622BA95C3800B1CE00 /* Main.storyboard */ = {
			isa = PBXVariantGroup;
			children = (
				2236B9632BA95C3800B1CE00 /* Base */,
			);
			name = Main.storyboard;
			sourceTree = "<group>";
		};
		2236B9672BA95C3A00B1CE00 /* LaunchScreen.storyboard */ = {
			isa = PBXVariantGroup;
			children = (
				2236B9682BA95C3A00B1CE00 /* Base */,
			);
			name = LaunchScreen.storyboard;
			sourceTree = "<group>";
		};
/* End PBXVariantGroup section */

/* Begin XCBuildConfiguration section */
		2236B9802BA95C3A00B1CE00 /* Debug */ = {
			isa = XCBuildConfiguration;
			buildSettings = {
				ALWAYS_SEARCH_USER_PATHS = NO;
				ASSETCATALOG_COMPILER_GENERATE_SWIFT_ASSET_SYMBOL_EXTENSIONS = YES;
				CLANG_ANALYZER_NONNULL = YES;
				CLANG_ANALYZER_NUMBER_OBJECT_CONVERSION = YES_AGGRESSIVE;
				CLANG_CXX_LANGUAGE_STANDARD = "gnu++20";
				CLANG_ENABLE_MODULES = YES;
				CLANG_ENABLE_OBJC_ARC = YES;
				CLANG_ENABLE_OBJC_WEAK = YES;
				CLANG_WARN_BLOCK_CAPTURE_AUTORELEASING = YES;
				CLANG_WARN_BOOL_CONVERSION = YES;
				CLANG_WARN_COMMA = YES;
				CLANG_WARN_CONSTANT_CONVERSION = YES;
				CLANG_WARN_DEPRECATED_OBJC_IMPLEMENTATIONS = YES;
				CLANG_WARN_DIRECT_OBJC_ISA_USAGE = YES_ERROR;
				CLANG_WARN_DOCUMENTATION_COMMENTS = YES;
				CLANG_WARN_EMPTY_BODY = YES;
				CLANG_WARN_ENUM_CONVERSION = YES;
				CLANG_WARN_INFINITE_RECURSION = YES;
				CLANG_WARN_INT_CONVERSION = YES;
				CLANG_WARN_NON_LITERAL_NULL_CONVERSION = YES;
				CLANG_WARN_OBJC_IMPLICIT_RETAIN_SELF = YES;
				CLANG_WARN_OBJC_LITERAL_CONVERSION = YES;
				CLANG_WARN_OBJC_ROOT_CLASS = YES_ERROR;
				CLANG_WARN_QUOTED_INCLUDE_IN_FRAMEWORK_HEADER = YES;
				CLANG_WARN_RANGE_LOOP_ANALYSIS = YES;
				CLANG_WARN_STRICT_PROTOTYPES = YES;
				CLANG_WARN_SUSPICIOUS_MOVE = YES;
				CLANG_WARN_UNGUARDED_AVAILABILITY = YES_AGGRESSIVE;
				CLANG_WARN_UNREACHABLE_CODE = YES;
				CLANG_WARN__DUPLICATE_METHOD_MATCH = YES;
				COPY_PHASE_STRIP = NO;
				DEBUG_INFORMATION_FORMAT = dwarf;
				ENABLE_STRICT_OBJC_MSGSEND = YES;
				ENABLE_TESTABILITY = YES;
				ENABLE_USER_SCRIPT_SANDBOXING = YES;
				GCC_C_LANGUAGE_STANDARD = gnu17;
				GCC_DYNAMIC_NO_PIC = NO;
				GCC_NO_COMMON_BLOCKS = YES;
				GCC_OPTIMIZATION_LEVEL = 0;
				GCC_PREPROCESSOR_DEFINITIONS = (
					"DEBUG=1",
					"$(inherited)",
				);
				GCC_WARN_64_TO_32_BIT_CONVERSION = YES;
				GCC_WARN_ABOUT_RETURN_TYPE = YES_ERROR;
				GCC_WARN_UNDECLARED_SELECTOR = YES;
				GCC_WARN_UNINITIALIZED_AUTOS = YES_AGGRESSIVE;
				GCC_WARN_UNUSED_FUNCTION = YES;
				GCC_WARN_UNUSED_VARIABLE = YES;
				IPHONEOS_DEPLOYMENT_TARGET = 17.2;
				LOCALIZATION_PREFERS_STRING_CATALOGS = YES;
				MTL_ENABLE_DEBUG_INFO = INCLUDE_SOURCE;
				MTL_FAST_MATH = YES;
				ONLY_ACTIVE_ARCH = YES;
				SDKROOT = iphoneos;
				SWIFT_ACTIVE_COMPILATION_CONDITIONS = "DEBUG $(inherited)";
				SWIFT_OPTIMIZATION_LEVEL = "-Onone";
			};
			name = Debug;
		};
		2236B9812BA95C3A00B1CE00 /* Release */ = {
			isa = XCBuildConfiguration;
			buildSettings = {
				ALWAYS_SEARCH_USER_PATHS = NO;
				ASSETCATALOG_COMPILER_GENERATE_SWIFT_ASSET_SYMBOL_EXTENSIONS = YES;
				CLANG_ANALYZER_NONNULL = YES;
				CLANG_ANALYZER_NUMBER_OBJECT_CONVERSION = YES_AGGRESSIVE;
				CLANG_CXX_LANGUAGE_STANDARD = "gnu++20";
				CLANG_ENABLE_MODULES = YES;
				CLANG_ENABLE_OBJC_ARC = YES;
				CLANG_ENABLE_OBJC_WEAK = YES;
				CLANG_WARN_BLOCK_CAPTURE_AUTORELEASING = YES;
				CLANG_WARN_BOOL_CONVERSION = YES;
				CLANG_WARN_COMMA = YES;
				CLANG_WARN_CONSTANT_CONVERSION = YES;
				CLANG_WARN_DEPRECATED_OBJC_IMPLEMENTATIONS = YES;
				CLANG_WARN_DIRECT_OBJC_ISA_USAGE = YES_ERROR;
				CLANG_WARN_DOCUMENTATION_COMMENTS = YES;
				CLANG_WARN_EMPTY_BODY = YES;
				CLANG_WARN_ENUM_CONVERSION = YES;
				CLANG_WARN_INFINITE_RECURSION = YES;
				CLANG_WARN_INT_CONVERSION = YES;
				CLANG_WARN_NON_LITERAL_NULL_CONVERSION = YES;
				CLANG_WARN_OBJC_IMPLICIT_RETAIN_SELF = YES;
				CLANG_WARN_OBJC_LITERAL_CONVERSION = YES;
				CLANG_WARN_OBJC_ROOT_CLASS = YES_ERROR;
				CLANG_WARN_QUOTED_INCLUDE_IN_FRAMEWORK_HEADER = YES;
				CLANG_WARN_RANGE_LOOP_ANALYSIS = YES;
				CLANG_WARN_STRICT_PROTOTYPES = YES;
				CLANG_WARN_SUSPICIOUS_MOVE = YES;
				CLANG_WARN_UNGUARDED_AVAILABILITY = YES_AGGRESSIVE;
				CLANG_WARN_UNREACHABLE_CODE = YES;
				CLANG_WARN__DUPLICATE_METHOD_MATCH = YES;
				COPY_PHASE_STRIP = NO;
				DEBUG_INFORMATION_FORMAT = "dwarf-with-dsym";
				ENABLE_NS_ASSERTIONS = NO;
				ENABLE_STRICT_OBJC_MSGSEND = YES;
				ENABLE_USER_SCRIPT_SANDBOXING = YES;
				GCC_C_LANGUAGE_STANDARD = gnu17;
				GCC_NO_COMMON_BLOCKS = YES;
				GCC_WARN_64_TO_32_BIT_CONVERSION = YES;
				GCC_WARN_ABOUT_RETURN_TYPE = YES_ERROR;
				GCC_WARN_UNDECLARED_SELECTOR = YES;
				GCC_WARN_UNINITIALIZED_AUTOS = YES_AGGRESSIVE;
				GCC_WARN_UNUSED_FUNCTION = YES;
				GCC_WARN_UNUSED_VARIABLE = YES;
				IPHONEOS_DEPLOYMENT_TARGET = 17.2;
				LOCALIZATION_PREFERS_STRING_CATALOGS = YES;
				MTL_ENABLE_DEBUG_INFO = NO;
				MTL_FAST_MATH = YES;
				SDKROOT = iphoneos;
				SWIFT_COMPILATION_MODE = wholemodule;
				VALIDATE_PRODUCT = YES;
			};
			name = Release;
		};
		2236B9832BA95C3A00B1CE00 /* Debug */ = {
			isa = XCBuildConfiguration;
			buildSettings = {
				ASSETCATALOG_COMPILER_APPICON_NAME = AppIcon;
				ASSETCATALOG_COMPILER_GLOBAL_ACCENT_COLOR_NAME = AccentColor;
				CODE_SIGN_STYLE = Automatic;
				CURRENT_PROJECT_VERSION = 1;
				DEVELOPMENT_TEAM = U2YGJ53TDZ;
				GENERATE_INFOPLIST_FILE = YES;
				INFOPLIST_KEY_NSCameraUsageDescription = "";
				INFOPLIST_KEY_UIApplicationSupportsIndirectInputEvents = YES;
				INFOPLIST_KEY_UILaunchStoryboardName = LaunchScreen;
				INFOPLIST_KEY_UIMainStoryboardFile = Main;
				INFOPLIST_KEY_UIRequiredDeviceCapabilities = arkit;
				INFOPLIST_KEY_UIStatusBarHidden = YES;
				INFOPLIST_KEY_UISupportedInterfaceOrientations_iPad = "UIInterfaceOrientationPortrait UIInterfaceOrientationPortraitUpsideDown UIInterfaceOrientationLandscapeLeft UIInterfaceOrientationLandscapeRight";
				INFOPLIST_KEY_UISupportedInterfaceOrientations_iPhone = "UIInterfaceOrientationPortrait UIInterfaceOrientationLandscapeLeft UIInterfaceOrientationLandscapeRight";
				LD_RUNPATH_SEARCH_PATHS = (
					"$(inherited)",
					"@executable_path/Frameworks",
				);
				MARKETING_VERSION = 1.0;
				PRODUCT_BUNDLE_IDENTIFIER = com.andrescardenas.PokemonAR;
				PRODUCT_NAME = "$(TARGET_NAME)";
				SWIFT_EMIT_LOC_STRINGS = YES;
				SWIFT_VERSION = 5.0;
				TARGETED_DEVICE_FAMILY = "1,2";
			};
			name = Debug;
		};
		2236B9842BA95C3A00B1CE00 /* Release */ = {
			isa = XCBuildConfiguration;
			buildSettings = {
				ASSETCATALOG_COMPILER_APPICON_NAME = AppIcon;
				ASSETCATALOG_COMPILER_GLOBAL_ACCENT_COLOR_NAME = AccentColor;
				CODE_SIGN_STYLE = Automatic;
				CURRENT_PROJECT_VERSION = 1;
				DEVELOPMENT_TEAM = U2YGJ53TDZ;
				GENERATE_INFOPLIST_FILE = YES;
				INFOPLIST_KEY_NSCameraUsageDescription = "";
				INFOPLIST_KEY_UIApplicationSupportsIndirectInputEvents = YES;
				INFOPLIST_KEY_UILaunchStoryboardName = LaunchScreen;
				INFOPLIST_KEY_UIMainStoryboardFile = Main;
				INFOPLIST_KEY_UIRequiredDeviceCapabilities = arkit;
				INFOPLIST_KEY_UIStatusBarHidden = YES;
				INFOPLIST_KEY_UISupportedInterfaceOrientations_iPad = "UIInterfaceOrientationPortrait UIInterfaceOrientationPortraitUpsideDown UIInterfaceOrientationLandscapeLeft UIInterfaceOrientationLandscapeRight";
				INFOPLIST_KEY_UISupportedInterfaceOrientations_iPhone = "UIInterfaceOrientationPortrait UIInterfaceOrientationLandscapeLeft UIInterfaceOrientationLandscapeRight";
				LD_RUNPATH_SEARCH_PATHS = (
					"$(inherited)",
					"@executable_path/Frameworks",
				);
				MARKETING_VERSION = 1.0;
				PRODUCT_BUNDLE_IDENTIFIER = com.andrescardenas.PokemonAR;
				PRODUCT_NAME = "$(TARGET_NAME)";
				SWIFT_EMIT_LOC_STRINGS = YES;
				SWIFT_VERSION = 5.0;
				TARGETED_DEVICE_FAMILY = "1,2";
			};
			name = Release;
		};
		2236B9862BA95C3A00B1CE00 /* Debug */ = {
			isa = XCBuildConfiguration;
			buildSettings = {
				ALWAYS_EMBED_SWIFT_STANDARD_LIBRARIES = YES;
				BUNDLE_LOADER = "$(TEST_HOST)";
				CODE_SIGN_STYLE = Automatic;
				CURRENT_PROJECT_VERSION = 1;
				DEVELOPMENT_TEAM = U2YGJ53TDZ;
				GENERATE_INFOPLIST_FILE = YES;
				IPHONEOS_DEPLOYMENT_TARGET = 17.2;
				MARKETING_VERSION = 1.0;
				PRODUCT_BUNDLE_IDENTIFIER = com.andrescardenas.PokemonARTests;
				PRODUCT_NAME = "$(TARGET_NAME)";
				SWIFT_EMIT_LOC_STRINGS = NO;
				SWIFT_VERSION = 5.0;
				TARGETED_DEVICE_FAMILY = "1,2";
				TEST_HOST = "$(BUILT_PRODUCTS_DIR)/PokemonAR.app/$(BUNDLE_EXECUTABLE_FOLDER_PATH)/PokemonAR";
			};
			name = Debug;
		};
		2236B9872BA95C3A00B1CE00 /* Release */ = {
			isa = XCBuildConfiguration;
			buildSettings = {
				ALWAYS_EMBED_SWIFT_STANDARD_LIBRARIES = YES;
				BUNDLE_LOADER = "$(TEST_HOST)";
				CODE_SIGN_STYLE = Automatic;
				CURRENT_PROJECT_VERSION = 1;
				DEVELOPMENT_TEAM = U2YGJ53TDZ;
				GENERATE_INFOPLIST_FILE = YES;
				IPHONEOS_DEPLOYMENT_TARGET = 17.2;
				MARKETING_VERSION = 1.0;
				PRODUCT_BUNDLE_IDENTIFIER = com.andrescardenas.PokemonARTests;
				PRODUCT_NAME = "$(TARGET_NAME)";
				SWIFT_EMIT_LOC_STRINGS = NO;
				SWIFT_VERSION = 5.0;
				TARGETED_DEVICE_FAMILY = "1,2";
				TEST_HOST = "$(BUILT_PRODUCTS_DIR)/PokemonAR.app/$(BUNDLE_EXECUTABLE_FOLDER_PATH)/PokemonAR";
			};
			name = Release;
		};
		2236B9892BA95C3A00B1CE00 /* Debug */ = {
			isa = XCBuildConfiguration;
			buildSettings = {
				ALWAYS_EMBED_SWIFT_STANDARD_LIBRARIES = YES;
				CODE_SIGN_STYLE = Automatic;
				CURRENT_PROJECT_VERSION = 1;
				DEVELOPMENT_TEAM = U2YGJ53TDZ;
				GENERATE_INFOPLIST_FILE = YES;
				MARKETING_VERSION = 1.0;
				PRODUCT_BUNDLE_IDENTIFIER = com.andrescardenas.PokemonARUITests;
				PRODUCT_NAME = "$(TARGET_NAME)";
				SWIFT_EMIT_LOC_STRINGS = NO;
				SWIFT_VERSION = 5.0;
				TARGETED_DEVICE_FAMILY = "1,2";
				TEST_TARGET_NAME = PokemonAR;
			};
			name = Debug;
		};
		2236B98A2BA95C3A00B1CE00 /* Release */ = {
			isa = XCBuildConfiguration;
			buildSettings = {
				ALWAYS_EMBED_SWIFT_STANDARD_LIBRARIES = YES;
				CODE_SIGN_STYLE = Automatic;
				CURRENT_PROJECT_VERSION = 1;
				DEVELOPMENT_TEAM = U2YGJ53TDZ;
				GENERATE_INFOPLIST_FILE = YES;
				MARKETING_VERSION = 1.0;
				PRODUCT_BUNDLE_IDENTIFIER = com.andrescardenas.PokemonARUITests;
				PRODUCT_NAME = "$(TARGET_NAME)";
				SWIFT_EMIT_LOC_STRINGS = NO;
				SWIFT_VERSION = 5.0;
				TARGETED_DEVICE_FAMILY = "1,2";
				TEST_TARGET_NAME = PokemonAR;
			};
			name = Release;
		};
/* End XCBuildConfiguration section */

/* Begin XCConfigurationList section */
		2236B9522BA95C3800B1CE00 /* Build configuration list for PBXProject "PokemonAR" */ = {
			isa = XCConfigurationList;
			buildConfigurations = (
				2236B9802BA95C3A00B1CE00 /* Debug */,
				2236B9812BA95C3A00B1CE00 /* Release */,
			);
			defaultConfigurationIsVisible = 0;
			defaultConfigurationName = Release;
		};
		2236B9822BA95C3A00B1CE00 /* Build configuration list for PBXNativeTarget "PokemonAR" */ = {
			isa = XCConfigurationList;
			buildConfigurations = (
				2236B9832BA95C3A00B1CE00 /* Debug */,
				2236B9842BA95C3A00B1CE00 /* Release */,
			);
			defaultConfigurationIsVisible = 0;
			defaultConfigurationName = Release;
		};
		2236B9852BA95C3A00B1CE00 /* Build configuration list for PBXNativeTarget "PokemonARTests" */ = {
			isa = XCConfigurationList;
			buildConfigurations = (
				2236B9862BA95C3A00B1CE00 /* Debug */,
				2236B9872BA95C3A00B1CE00 /* Release */,
			);
			defaultConfigurationIsVisible = 0;
			defaultConfigurationName = Release;
		};
		2236B9882BA95C3A00B1CE00 /* Build configuration list for PBXNativeTarget "PokemonARUITests" */ = {
			isa = XCConfigurationList;
			buildConfigurations = (
				2236B9892BA95C3A00B1CE00 /* Debug */,
				2236B98A2BA95C3A00B1CE00 /* Release */,
			);
			defaultConfigurationIsVisible = 0;
			defaultConfigurationName = Release;
		};
/* End XCConfigurationList section */
	};
	rootObject = 2236B94F2BA95C3800B1CE00 /* Project object */;
}
